
Microsoft Visual Studio Solution File, Format Version 12.00
# Visual Studio Version 17
VisualStudioVersion = 17.8.34322.80
MinimumVisualStudioVersion = 10.0.40219.1
Project("{2150E333-8FDC-42A3-9474-1A3956D46DE8}") = "Services", "Services", "{FCA05FE8-1C72-4FB8-9B1F-7C483C8ED7ED}"
EndProject
Project("{2150E333-8FDC-42A3-9474-1A3956D46DE8}") = "Catalog", "Catalog", "{6CBC36DE-CED5-4380-B49B-D03B2B15AC8B}"
EndProject
Project("{9A19103F-16F7-4668-BE54-9A1E7A4F7556}") = "Catalog.API", "Services\Catalog\Catalog.API\Catalog.API.csproj", "{F2531B38-6D5F-4E57-A9D5-84EAE7830940}"
EndProject
Project("{2150E333-8FDC-42A3-9474-1A3956D46DE8}") = "BuildingBlocks", "BuildingBlocks", "{006BBBD1-1FAA-4555-80AA-517F9297E483}"
EndProject
Project("{9A19103F-16F7-4668-BE54-9A1E7A4F7556}") = "BuildingBlocks.Core", "BuildingBlocks\BuildingBlocks.Core\BuildingBlocks.Core.csproj", "{27D3CFB6-18D8-49E3-9D48-FA0E0288119D}"
EndProject
Project("{E53339B2-1760-4266-BCC7-CA923CBCF16C}") = "docker-compose", "docker-compose.dcproj", "{22B409F4-D827-44F6-ACC0-96DA314BE63B}"
EndProject
Project("{2150E333-8FDC-42A3-9474-1A3956D46DE8}") = "Basket", "Basket", "{CCEA615C-138F-4407-AA78-30E7B02A54CC}"
EndProject
Project("{9A19103F-16F7-4668-BE54-9A1E7A4F7556}") = "Basket.API", "Services\Basket\Basket.API\Basket.API.csproj", "{BD9D7BC8-E1D1-48C8-A9DF-CAD9DF5F02A6}"
EndProject
Project("{2150E333-8FDC-42A3-9474-1A3956D46DE8}") = "Discount", "Discount", "{4B761A15-0406-4827-8020-2A22FC6FDA49}"
EndProject
Project("{9A19103F-16F7-4668-BE54-9A1E7A4F7556}") = "Discount.GRPC", "Services\Discount\Discount.GRPC\Discount.GRPC.csproj", "{C66D1023-6C8D-4574-9796-0725CC7573BC}"
EndProject
Project("{2150E333-8FDC-42A3-9474-1A3956D46DE8}") = "Ordering", "Ordering", "{08CC6539-D44D-4B38-AD50-6E3FFC89F878}"
EndProject
Project("{9A19103F-16F7-4668-BE54-9A1E7A4F7556}") = "Ordering.API", "Services\Ordering\Ordering.API\Ordering.API.csproj", "{0654A47D-9751-4C03-964D-96AA46E59ACD}"
EndProject
Project("{9A19103F-16F7-4668-BE54-9A1E7A4F7556}") = "Ordering.Domain", "Services\Ordering\Ordering.Domain\Ordering.Domain.csproj", "{16108B51-4924-4D2E-9E1E-6054806666A0}"
EndProject
Project("{9A19103F-16F7-4668-BE54-9A1E7A4F7556}") = "Ordering.Application", "Services\Ordering\Ordering.Application\Ordering.Application.csproj", "{BAD74B95-9D4D-44FA-BB1A-23177E8CC9A0}"
EndProject
Project("{2150E333-8FDC-42A3-9474-1A3956D46DE8}") = "1-Presentation", "1-Presentation", "{48E2F991-0FEE-4DD9-A284-87223A211B5F}"
EndProject
Project("{2150E333-8FDC-42A3-9474-1A3956D46DE8}") = "3-Core", "3-Core", "{60999391-76ED-4B88-8CB5-519453BA48C1}"
EndProject
Project("{9A19103F-16F7-4668-BE54-9A1E7A4F7556}") = "Ordering.Infrastructure", "Services\Ordering\Ordering.Infrastructure\Ordering.Infrastructure.csproj", "{F5636F7F-CECC-4956-9EDC-F86498673FA5}"
EndProject
Project("{2150E333-8FDC-42A3-9474-1A3956D46DE8}") = "2-Infrastructure", "2-Infrastructure", "{99EC0D6C-3205-4D31-92A8-7B870FD9C658}"
EndProject
Project("{FAE04EC0-301F-11D3-BF4B-00C04F79EFBC}") = "BuildingBlocks.Messaging", "BuildingBlocks\BuildingBlocks.Messaging\BuildingBlocks.Messaging.csproj", "{457C87E0-B9B4-409A-B76E-B053799BA09C}"
EndProject
Project("{2150E333-8FDC-42A3-9474-1A3956D46DE8}") = "ApiGateways", "ApiGateways", "{02EA681E-C7D8-13C7-8484-4AC65E1B71E8}"
EndProject
Project("{FAE04EC0-301F-11D3-BF4B-00C04F79EFBC}") = "YarpApiGateway", "ApiGateways\YarpApiGateway\YarpApiGateway.csproj", "{0745D383-539D-4C31-9EFD-C0E78E42E86E}"
EndProject
Project("{2150E333-8FDC-42A3-9474-1A3956D46DE8}") = "WebApps", "WebApps", "{B44BDDAB-B285-460C-B38D-13CEFE7A2175}"
EndProject
Project("{FAE04EC0-301F-11D3-BF4B-00C04F79EFBC}") = "Shopping.Web", "WebApps\Shopping.Web\Shopping.Web.csproj", "{778E96E2-3081-4957-BF89-435B0E4D0064}"
EndProject
Global
	GlobalSection(SolutionConfigurationPlatforms) = preSolution
		Debug|Any CPU = Debug|Any CPU
		Release|Any CPU = Release|Any CPU
	EndGlobalSection
	GlobalSection(ProjectConfigurationPlatforms) = postSolution
		{F2531B38-6D5F-4E57-A9D5-84EAE7830940}.Debug|Any CPU.ActiveCfg = Debug|Any CPU
		{F2531B38-6D5F-4E57-A9D5-84EAE7830940}.Debug|Any CPU.Build.0 = Debug|Any CPU
		{F2531B38-6D5F-4E57-A9D5-84EAE7830940}.Release|Any CPU.ActiveCfg = Release|Any CPU
		{F2531B38-6D5F-4E57-A9D5-84EAE7830940}.Release|Any CPU.Build.0 = Release|Any CPU
		{27D3CFB6-18D8-49E3-9D48-FA0E0288119D}.Debug|Any CPU.ActiveCfg = Debug|Any CPU
		{27D3CFB6-18D8-49E3-9D48-FA0E0288119D}.Debug|Any CPU.Build.0 = Debug|Any CPU
		{27D3CFB6-18D8-49E3-9D48-FA0E0288119D}.Release|Any CPU.ActiveCfg = Release|Any CPU
		{27D3CFB6-18D8-49E3-9D48-FA0E0288119D}.Release|Any CPU.Build.0 = Release|Any CPU
		{22B409F4-D827-44F6-ACC0-96DA314BE63B}.Debug|Any CPU.ActiveCfg = Debug|Any CPU
		{22B409F4-D827-44F6-ACC0-96DA314BE63B}.Release|Any CPU.ActiveCfg = Release|Any CPU
		{22B409F4-D827-44F6-ACC0-96DA314BE63B}.Release|Any CPU.Build.0 = Release|Any CPU
		{BD9D7BC8-E1D1-48C8-A9DF-CAD9DF5F02A6}.Debug|Any CPU.ActiveCfg = Debug|Any CPU
		{BD9D7BC8-E1D1-48C8-A9DF-CAD9DF5F02A6}.Debug|Any CPU.Build.0 = Debug|Any CPU
		{BD9D7BC8-E1D1-48C8-A9DF-CAD9DF5F02A6}.Release|Any CPU.ActiveCfg = Release|Any CPU
		{BD9D7BC8-E1D1-48C8-A9DF-CAD9DF5F02A6}.Release|Any CPU.Build.0 = Release|Any CPU
		{C66D1023-6C8D-4574-9796-0725CC7573BC}.Debug|Any CPU.ActiveCfg = Debug|Any CPU
		{C66D1023-6C8D-4574-9796-0725CC7573BC}.Debug|Any CPU.Build.0 = Debug|Any CPU
		{C66D1023-6C8D-4574-9796-0725CC7573BC}.Release|Any CPU.ActiveCfg = Release|Any CPU
		{C66D1023-6C8D-4574-9796-0725CC7573BC}.Release|Any CPU.Build.0 = Release|Any CPU
		{0654A47D-9751-4C03-964D-96AA46E59ACD}.Debug|Any CPU.ActiveCfg = Debug|Any CPU
		{0654A47D-9751-4C03-964D-96AA46E59ACD}.Debug|Any CPU.Build.0 = Debug|Any CPU
		{0654A47D-9751-4C03-964D-96AA46E59ACD}.Release|Any CPU.ActiveCfg = Release|Any CPU
		{0654A47D-9751-4C03-964D-96AA46E59ACD}.Release|Any CPU.Build.0 = Release|Any CPU
		{16108B51-4924-4D2E-9E1E-6054806666A0}.Debug|Any CPU.ActiveCfg = Debug|Any CPU
		{16108B51-4924-4D2E-9E1E-6054806666A0}.Debug|Any CPU.Build.0 = Debug|Any CPU
		{16108B51-4924-4D2E-9E1E-6054806666A0}.Release|Any CPU.ActiveCfg = Release|Any CPU
		{16108B51-4924-4D2E-9E1E-6054806666A0}.Release|Any CPU.Build.0 = Release|Any CPU
		{BAD74B95-9D4D-44FA-BB1A-23177E8CC9A0}.Debug|Any CPU.ActiveCfg = Debug|Any CPU
		{BAD74B95-9D4D-44FA-BB1A-23177E8CC9A0}.Debug|Any CPU.Build.0 = Debug|Any CPU
		{BAD74B95-9D4D-44FA-BB1A-23177E8CC9A0}.Release|Any CPU.ActiveCfg = Release|Any CPU
		{BAD74B95-9D4D-44FA-BB1A-23177E8CC9A0}.Release|Any CPU.Build.0 = Release|Any CPU
		{F5636F7F-CECC-4956-9EDC-F86498673FA5}.Debug|Any CPU.ActiveCfg = Debug|Any CPU
		{F5636F7F-CECC-4956-9EDC-F86498673FA5}.Debug|Any CPU.Build.0 = Debug|Any CPU
		{F5636F7F-CECC-4956-9EDC-F86498673FA5}.Release|Any CPU.ActiveCfg = Release|Any CPU
		{F5636F7F-CECC-4956-9EDC-F86498673FA5}.Release|Any CPU.Build.0 = Release|Any CPU
		{457C87E0-B9B4-409A-B76E-B053799BA09C}.Debug|Any CPU.ActiveCfg = Debug|Any CPU
		{457C87E0-B9B4-409A-B76E-B053799BA09C}.Debug|Any CPU.Build.0 = Debug|Any CPU
		{457C87E0-B9B4-409A-B76E-B053799BA09C}.Release|Any CPU.ActiveCfg = Release|Any CPU
		{457C87E0-B9B4-409A-B76E-B053799BA09C}.Release|Any CPU.Build.0 = Release|Any CPU
		{0745D383-539D-4C31-9EFD-C0E78E42E86E}.Debug|Any CPU.ActiveCfg = Debug|Any CPU
		{0745D383-539D-4C31-9EFD-C0E78E42E86E}.Debug|Any CPU.Build.0 = Debug|Any CPU
		{0745D383-539D-4C31-9EFD-C0E78E42E86E}.Release|Any CPU.ActiveCfg = Release|Any CPU
		{0745D383-539D-4C31-9EFD-C0E78E42E86E}.Release|Any CPU.Build.0 = Release|Any CPU
		{778E96E2-3081-4957-BF89-435B0E4D0064}.Debug|Any CPU.ActiveCfg = Debug|Any CPU
		{778E96E2-3081-4957-BF89-435B0E4D0064}.Debug|Any CPU.Build.0 = Debug|Any CPU
		{778E96E2-3081-4957-BF89-435B0E4D0064}.Release|Any CPU.ActiveCfg = Release|Any CPU
		{778E96E2-3081-4957-BF89-435B0E4D0064}.Release|Any CPU.Build.0 = Release|Any CPU
	EndGlobalSection
	GlobalSection(SolutionProperties) = preSolution
		HideSolutionNode = FALSE
	EndGlobalSection
	GlobalSection(NestedProjects) = preSolution
		{6CBC36DE-CED5-4380-B49B-D03B2B15AC8B} = {FCA05FE8-1C72-4FB8-9B1F-7C483C8ED7ED}
		{F2531B38-6D5F-4E57-A9D5-84EAE7830940} = {6CBC36DE-CED5-4380-B49B-D03B2B15AC8B}
		{27D3CFB6-18D8-49E3-9D48-FA0E0288119D} = {006BBBD1-1FAA-4555-80AA-517F9297E483}
		{CCEA615C-138F-4407-AA78-30E7B02A54CC} = {FCA05FE8-1C72-4FB8-9B1F-7C483C8ED7ED}
		{BD9D7BC8-E1D1-48C8-A9DF-CAD9DF5F02A6} = {CCEA615C-138F-4407-AA78-30E7B02A54CC}
		{4B761A15-0406-4827-8020-2A22FC6FDA49} = {FCA05FE8-1C72-4FB8-9B1F-7C483C8ED7ED}
		{C66D1023-6C8D-4574-9796-0725CC7573BC} = {4B761A15-0406-4827-8020-2A22FC6FDA49}
		{08CC6539-D44D-4B38-AD50-6E3FFC89F878} = {FCA05FE8-1C72-4FB8-9B1F-7C483C8ED7ED}
		{0654A47D-9751-4C03-964D-96AA46E59ACD} = {48E2F991-0FEE-4DD9-A284-87223A211B5F}
		{16108B51-4924-4D2E-9E1E-6054806666A0} = {60999391-76ED-4B88-8CB5-519453BA48C1}
		{BAD74B95-9D4D-44FA-BB1A-23177E8CC9A0} = {60999391-76ED-4B88-8CB5-519453BA48C1}
		{48E2F991-0FEE-4DD9-A284-87223A211B5F} = {08CC6539-D44D-4B38-AD50-6E3FFC89F878}
		{60999391-76ED-4B88-8CB5-519453BA48C1} = {08CC6539-D44D-4B38-AD50-6E3FFC89F878}
		{F5636F7F-CECC-4956-9EDC-F86498673FA5} = {99EC0D6C-3205-4D31-92A8-7B870FD9C658}
		{99EC0D6C-3205-4D31-92A8-7B870FD9C658} = {08CC6539-D44D-4B38-AD50-6E3FFC89F878}
		{457C87E0-B9B4-409A-B76E-B053799BA09C} = {006BBBD1-1FAA-4555-80AA-517F9297E483}
		{0745D383-539D-4C31-9EFD-C0E78E42E86E} = {02EA681E-C7D8-13C7-8484-4AC65E1B71E8}
		{778E96E2-3081-4957-BF89-435B0E4D0064} = {B44BDDAB-B285-460C-B38D-13CEFE7A2175}
	EndGlobalSection
	GlobalSection(ExtensibilityGlobals) = postSolution
		SolutionGuid = {6504C011-0459-4E1C-8B47-2B91A504B442}
	EndGlobalSection
EndGlobal
