
Microsoft Visual Studio Solution File, Format Version 12.00
# Visual Studio Version 17
VisualStudioVersion = 17.8.34322.80
MinimumVisualStudioVersion = 10.0.40219.1
Project("{2150E333-8FDC-42A3-9474-1A3956D46DE8}") = "Services", "Services", "{FCA05FE8-1C72-4FB8-9B1F-7C483C8ED7ED}"
EndProject
Project("{2150E333-8FDC-42A3-9474-1A3956D46DE8}") = "Catalog", "Catalog", "{6CBC36DE-CED5-4380-B49B-D03B2B15AC8B}"
EndProject
Project("{9A19103F-16F7-4668-BE54-9A1E7A4F7556}") = "Catalog.API", "Services\Catalog\Catalog.API\Catalog.API.csproj", "{F2531B38-6D5F-4E57-A9D5-84EAE7830940}"
EndProject
Project("{2150E333-8FDC-42A3-9474-1A3956D46DE8}") = "BuildingBlocks", "BuildingBlocks", "{006BBBD1-1FAA-4555-80AA-517F9297E483}"
EndProject
Project("{9A19103F-16F7-4668-BE54-9A1E7A4F7556}") = "BuildingBlocks.Core", "BuildingBlocks\BuildingBlocks.Core\BuildingBlocks.Core.csproj", "{27D3CFB6-18D8-49E3-9D48-FA0E0288119D}"
EndProject
Project("{E53339B2-1760-4266-BCC7-CA923CBCF16C}") = "docker-compose", "docker-compose.dcproj", "{22B409F4-D827-44F6-ACC0-96DA314BE63B}"
EndProject
Global
	GlobalSection(SolutionConfigurationPlatforms) = preSolution
		Debug|Any CPU = Debug|Any CPU
		Release|Any CPU = Release|Any CPU
	EndGlobalSection
	GlobalSection(ProjectConfigurationPlatforms) = postSolution
		{F2531B38-6D5F-4E57-A9D5-84EAE7830940}.Debug|Any CPU.ActiveCfg = Debug|Any CPU
		{F2531B38-6D5F-4E57-A9D5-84EAE7830940}.Debug|Any CPU.Build.0 = Debug|Any CPU
		{F2531B38-6D5F-4E57-A9D5-84EAE7830940}.Release|Any CPU.ActiveCfg = Release|Any CPU
		{F2531B38-6D5F-4E57-A9D5-84EAE7830940}.Release|Any CPU.Build.0 = Release|Any CPU
		{27D3CFB6-18D8-49E3-9D48-FA0E0288119D}.Debug|Any CPU.ActiveCfg = Debug|Any CPU
		{27D3CFB6-18D8-49E3-9D48-FA0E0288119D}.Debug|Any CPU.Build.0 = Debug|Any CPU
		{27D3CFB6-18D8-49E3-9D48-FA0E0288119D}.Release|Any CPU.ActiveCfg = Release|Any CPU
		{27D3CFB6-18D8-49E3-9D48-FA0E0288119D}.Release|Any CPU.Build.0 = Release|Any CPU
		{22B409F4-D827-44F6-ACC0-96DA314BE63B}.Debug|Any CPU.ActiveCfg = Debug|Any CPU
		{22B409F4-D827-44F6-ACC0-96DA314BE63B}.Debug|Any CPU.Build.0 = Debug|Any CPU
		{22B409F4-D827-44F6-ACC0-96DA314BE63B}.Release|Any CPU.ActiveCfg = Release|Any CPU
		{22B409F4-D827-44F6-ACC0-96DA314BE63B}.Release|Any CPU.Build.0 = Release|Any CPU
	EndGlobalSection
	GlobalSection(SolutionProperties) = preSolution
		HideSolutionNode = FALSE
	EndGlobalSection
	GlobalSection(NestedProjects) = preSolution
		{6CBC36DE-CED5-4380-B49B-D03B2B15AC8B} = {FCA05FE8-1C72-4FB8-9B1F-7C483C8ED7ED}
		{F2531B38-6D5F-4E57-A9D5-84EAE7830940} = {6CBC36DE-CED5-4380-B49B-D03B2B15AC8B}
		{27D3CFB6-18D8-49E3-9D48-FA0E0288119D} = {006BBBD1-1FAA-4555-80AA-517F9297E483}
	EndGlobalSection
	GlobalSection(ExtensibilityGlobals) = postSolution
		SolutionGuid = {6504C011-0459-4E1C-8B47-2B91A504B442}
	EndGlobalSection
EndGlobal
