
Microsoft Visual Studio Solution File, Format Version 12.00
# Visual Studio Version 17
VisualStudioVersion = 17.8.34322.80
MinimumVisualStudioVersion = 10.0.40219.1
Project("{2150E333-8FDC-42A3-9474-1A3956D46DE8}") = "Services", "Services", "{FCA05FE8-1C72-4FB8-9B1F-7C483C8ED7ED}"
EndProject
Project("{2150E333-8FDC-42A3-9474-1A3956D46DE8}") = "Catalog", "Catalog", "{6CBC36DE-CED5-4380-B49B-D03B2B15AC8B}"
EndProject
Project("{FAE04EC0-301F-11D3-BF4B-00C04F79EFBC}") = "Catalog.API", "Services\Catalog\Catalog.API\Catalog.API.csproj", "{F2531B38-6D5F-4E57-A9D5-84EAE7830940}"
EndProject
Global
	GlobalSection(SolutionConfigurationPlatforms) = preSolution
		Debug|Any CPU = Debug|Any CPU
		Release|Any CPU = Release|Any CPU
	EndGlobalSection
	GlobalSection(ProjectConfigurationPlatforms) = postSolution
		{F2531B38-6D5F-4E57-A9D5-84EAE7830940}.Debug|Any CPU.ActiveCfg = Debug|Any CPU
		{F2531B38-6D5F-4E57-A9D5-84EAE7830940}.Debug|Any CPU.Build.0 = Debug|Any CPU
		{F2531B38-6D5F-4E57-A9D5-84EAE7830940}.Release|Any CPU.ActiveCfg = Release|Any CPU
		{F2531B38-6D5F-4E57-A9D5-84EAE7830940}.Release|Any CPU.Build.0 = Release|Any CPU
	EndGlobalSection
	GlobalSection(SolutionProperties) = preSolution
		HideSolutionNode = FALSE
	EndGlobalSection
	GlobalSection(NestedProjects) = preSolution
		{6CBC36DE-CED5-4380-B49B-D03B2B15AC8B} = {FCA05FE8-1C72-4FB8-9B1F-7C483C8ED7ED}
		{F2531B38-6D5F-4E57-A9D5-84EAE7830940} = {6CBC36DE-CED5-4380-B49B-D03B2B15AC8B}
	EndGlobalSection
	GlobalSection(ExtensibilityGlobals) = postSolution
		SolutionGuid = {6504C011-0459-4E1C-8B47-2B91A504B442}
	EndGlobalSection
EndGlobal
